// !$*UTF8*$!
{
	archiveVersion = 1;
	classes = {
	};
	objectVersion = 48;
	objects = {

/* Begin PBXBuildFile section */
		310C59971F3E705D56D0AE92 /* libPods-InstabugTaskUITests.a in Frameworks */ = {isa = PBXBuildFile; fileRef = 889ABAE1FF40664BA3951141 /* libPods-InstabugTaskUITests.a */; };
		800A3D4C20ECD78E00F2C962 /* AppDelegate.m in Sources */ = {isa = PBXBuildFile; fileRef = 800A3D4B20ECD78E00F2C962 /* AppDelegate.m */; };
		800A3D4F20ECD78E00F2C962 /* ViewController.m in Sources */ = {isa = PBXBuildFile; fileRef = 800A3D4E20ECD78E00F2C962 /* ViewController.m */; };
		800A3D5220ECD78E00F2C962 /* Main.storyboard in Resources */ = {isa = PBXBuildFile; fileRef = 800A3D5020ECD78E00F2C962 /* Main.storyboard */; };
		800A3D5520ECD78E00F2C962 /* InstabugTask.xcdatamodeld in Sources */ = {isa = PBXBuildFile; fileRef = 800A3D5320ECD78E00F2C962 /* InstabugTask.xcdatamodeld */; };
		800A3D5720ECD78E00F2C962 /* Assets.xcassets in Resources */ = {isa = PBXBuildFile; fileRef = 800A3D5620ECD78E00F2C962 /* Assets.xcassets */; };
		800A3D5A20ECD78E00F2C962 /* LaunchScreen.storyboard in Resources */ = {isa = PBXBuildFile; fileRef = 800A3D5820ECD78E00F2C962 /* LaunchScreen.storyboard */; };
		800A3D5D20ECD78E00F2C962 /* main.m in Sources */ = {isa = PBXBuildFile; fileRef = 800A3D5C20ECD78E00F2C962 /* main.m */; };
		800A3D8420ECEB0000F2C962 /* APIWrapper.m in Sources */ = {isa = PBXBuildFile; fileRef = 800A3D8320ECEB0000F2C962 /* APIWrapper.m */; };
		800A3D8620ECF9CA00F2C962 /* APIWrapperTest.m in Sources */ = {isa = PBXBuildFile; fileRef = 800A3D8520ECF9CA00F2C962 /* APIWrapperTest.m */; };
		800A3D8920ED0ED400F2C962 /* Product.m in Sources */ = {isa = PBXBuildFile; fileRef = 800A3D8820ED0ED400F2C962 /* Product.m */; };
		800A3D9220ED257B00F2C962 /* ProductTableViewCell.m in Sources */ = {isa = PBXBuildFile; fileRef = 800A3D9120ED257A00F2C962 /* ProductTableViewCell.m */; };
		803B67D620EE6D44007C04ED /* ProductTests.m in Sources */ = {isa = PBXBuildFile; fileRef = 803B67D520EE6D44007C04ED /* ProductTests.m */; };
		804000FB20F16F48004800CE /* FileCacher.m in Sources */ = {isa = PBXBuildFile; fileRef = 804000FA20F16F48004800CE /* FileCacher.m */; };
		804000FE20F16FF1004800CE /* UserDefaultsCacher.m in Sources */ = {isa = PBXBuildFile; fileRef = 804000FD20F16FF1004800CE /* UserDefaultsCacher.m */; };
		8040010120F17073004800CE /* Cacher.m in Sources */ = {isa = PBXBuildFile; fileRef = 8040010020F17073004800CE /* Cacher.m */; };
		806FDE3A20F0375D003CB950 /* products.json in Resources */ = {isa = PBXBuildFile; fileRef = 803B67D720EE7725007C04ED /* products.json */; };
		806FDE3B20F03795003CB950 /* products.json in Resources */ = {isa = PBXBuildFile; fileRef = 803B67D720EE7725007C04ED /* products.json */; };
		806FDE3C20F03969003CB950 /* products.json in Sources */ = {isa = PBXBuildFile; fileRef = 803B67D720EE7725007C04ED /* products.json */; };
		806FDE3E20F04A34003CB950 /* MainViewTests.m in Sources */ = {isa = PBXBuildFile; fileRef = 806FDE3D20F04A34003CB950 /* MainViewTests.m */; };
		806FDE4020F064B9003CB950 /* DetailedViewTests.m in Sources */ = {isa = PBXBuildFile; fileRef = 806FDE3F20F064B9003CB950 /* DetailedViewTests.m */; };
		80C9F98320EE16DC00D16C0C /* ProductDetailsViewController.m in Sources */ = {isa = PBXBuildFile; fileRef = 80C9F98220EE16DC00D16C0C /* ProductDetailsViewController.m */; };
		9189DC25B9FEEDD7C0A91B07 /* libPods-InstabugTask.a in Frameworks */ = {isa = PBXBuildFile; fileRef = 0727198C6556E2286FAEF13C /* libPods-InstabugTask.a */; };
		A040AC05627D1B5B75CC1DA1 /* libPods-InstabugTaskTests.a in Frameworks */ = {isa = PBXBuildFile; fileRef = DBFFF143D500934A25F5E3EB /* libPods-InstabugTaskTests.a */; };
/* End PBXBuildFile section */

/* Begin PBXContainerItemProxy section */
		800A3D6320ECD78E00F2C962 /* PBXContainerItemProxy */ = {
			isa = PBXContainerItemProxy;
			containerPortal = 800A3D3F20ECD78E00F2C962 /* Project object */;
			proxyType = 1;
			remoteGlobalIDString = 800A3D4620ECD78E00F2C962;
			remoteInfo = InstabugTask;
		};
		800A3D6E20ECD78E00F2C962 /* PBXContainerItemProxy */ = {
			isa = PBXContainerItemProxy;
			containerPortal = 800A3D3F20ECD78E00F2C962 /* Project object */;
			proxyType = 1;
			remoteGlobalIDString = 800A3D4620ECD78E00F2C962;
			remoteInfo = InstabugTask;
		};
/* End PBXContainerItemProxy section */

/* Begin PBXFileReference section */
		0727198C6556E2286FAEF13C /* libPods-InstabugTask.a */ = {isa = PBXFileReference; explicitFileType = archive.ar; includeInIndex = 0; path = "libPods-InstabugTask.a"; sourceTree = BUILT_PRODUCTS_DIR; };
		2E984F40F343359CDB231E84 /* Pods-InstabugTask.debug.xcconfig */ = {isa = PBXFileReference; includeInIndex = 1; lastKnownFileType = text.xcconfig; name = "Pods-InstabugTask.debug.xcconfig"; path = "Pods/Target Support Files/Pods-InstabugTask/Pods-InstabugTask.debug.xcconfig"; sourceTree = "<group>"; };
		7CB99A52E1F8F2C3F62E74FC /* Pods-InstabugTaskTests.release.xcconfig */ = {isa = PBXFileReference; includeInIndex = 1; lastKnownFileType = text.xcconfig; name = "Pods-InstabugTaskTests.release.xcconfig"; path = "Pods/Target Support Files/Pods-InstabugTaskTests/Pods-InstabugTaskTests.release.xcconfig"; sourceTree = "<group>"; };
		800A3D4720ECD78E00F2C962 /* InstabugTask.app */ = {isa = PBXFileReference; explicitFileType = wrapper.application; includeInIndex = 0; path = InstabugTask.app; sourceTree = BUILT_PRODUCTS_DIR; };
		800A3D4A20ECD78E00F2C962 /* AppDelegate.h */ = {isa = PBXFileReference; lastKnownFileType = sourcecode.c.h; path = AppDelegate.h; sourceTree = "<group>"; };
		800A3D4B20ECD78E00F2C962 /* AppDelegate.m */ = {isa = PBXFileReference; lastKnownFileType = sourcecode.c.objc; path = AppDelegate.m; sourceTree = "<group>"; };
		800A3D4D20ECD78E00F2C962 /* ViewController.h */ = {isa = PBXFileReference; lastKnownFileType = sourcecode.c.h; path = ViewController.h; sourceTree = "<group>"; };
		800A3D4E20ECD78E00F2C962 /* ViewController.m */ = {isa = PBXFileReference; lastKnownFileType = sourcecode.c.objc; path = ViewController.m; sourceTree = "<group>"; };
		800A3D5120ECD78E00F2C962 /* Base */ = {isa = PBXFileReference; lastKnownFileType = file.storyboard; name = Base; path = Base.lproj/Main.storyboard; sourceTree = "<group>"; };
		800A3D5420ECD78E00F2C962 /* InstabugTask.xcdatamodel */ = {isa = PBXFileReference; lastKnownFileType = wrapper.xcdatamodel; path = InstabugTask.xcdatamodel; sourceTree = "<group>"; };
		800A3D5620ECD78E00F2C962 /* Assets.xcassets */ = {isa = PBXFileReference; lastKnownFileType = folder.assetcatalog; path = Assets.xcassets; sourceTree = "<group>"; };
		800A3D5920ECD78E00F2C962 /* Base */ = {isa = PBXFileReference; lastKnownFileType = file.storyboard; name = Base; path = Base.lproj/LaunchScreen.storyboard; sourceTree = "<group>"; };
		800A3D5B20ECD78E00F2C962 /* Info.plist */ = {isa = PBXFileReference; lastKnownFileType = text.plist.xml; path = Info.plist; sourceTree = "<group>"; };
		800A3D5C20ECD78E00F2C962 /* main.m */ = {isa = PBXFileReference; lastKnownFileType = sourcecode.c.objc; path = main.m; sourceTree = "<group>"; };
		800A3D6220ECD78E00F2C962 /* InstabugTaskTests.xctest */ = {isa = PBXFileReference; explicitFileType = wrapper.cfbundle; includeInIndex = 0; path = InstabugTaskTests.xctest; sourceTree = BUILT_PRODUCTS_DIR; };
		800A3D6820ECD78E00F2C962 /* Info.plist */ = {isa = PBXFileReference; lastKnownFileType = text.plist.xml; path = Info.plist; sourceTree = "<group>"; };
		800A3D6D20ECD78E00F2C962 /* InstabugTaskUITests.xctest */ = {isa = PBXFileReference; explicitFileType = wrapper.cfbundle; includeInIndex = 0; path = InstabugTaskUITests.xctest; sourceTree = BUILT_PRODUCTS_DIR; };
		800A3D7320ECD78E00F2C962 /* Info.plist */ = {isa = PBXFileReference; lastKnownFileType = text.plist.xml; path = Info.plist; sourceTree = "<group>"; };
		800A3D8220ECEB0000F2C962 /* APIWrapper.h */ = {isa = PBXFileReference; lastKnownFileType = sourcecode.c.h; path = APIWrapper.h; sourceTree = "<group>"; };
		800A3D8320ECEB0000F2C962 /* APIWrapper.m */ = {isa = PBXFileReference; lastKnownFileType = sourcecode.c.objc; path = APIWrapper.m; sourceTree = "<group>"; };
		800A3D8520ECF9CA00F2C962 /* APIWrapperTest.m */ = {isa = PBXFileReference; lastKnownFileType = sourcecode.c.objc; path = APIWrapperTest.m; sourceTree = "<group>"; };
		800A3D8720ED0ED400F2C962 /* Product.h */ = {isa = PBXFileReference; lastKnownFileType = sourcecode.c.h; path = Product.h; sourceTree = "<group>"; };
		800A3D8820ED0ED400F2C962 /* Product.m */ = {isa = PBXFileReference; lastKnownFileType = sourcecode.c.objc; path = Product.m; sourceTree = "<group>"; };
		800A3D9020ED257A00F2C962 /* ProductTableViewCell.h */ = {isa = PBXFileReference; lastKnownFileType = sourcecode.c.h; path = ProductTableViewCell.h; sourceTree = "<group>"; };
		800A3D9120ED257A00F2C962 /* ProductTableViewCell.m */ = {isa = PBXFileReference; lastKnownFileType = sourcecode.c.objc; path = ProductTableViewCell.m; sourceTree = "<group>"; };
		803B67D520EE6D44007C04ED /* ProductTests.m */ = {isa = PBXFileReference; lastKnownFileType = sourcecode.c.objc; path = ProductTests.m; sourceTree = "<group>"; };
		803B67D720EE7725007C04ED /* products.json */ = {isa = PBXFileReference; lastKnownFileType = text.json; path = products.json; sourceTree = SOURCE_ROOT; };
		804000F820F16F04004800CE /* CacherProtocol.h */ = {isa = PBXFileReference; lastKnownFileType = sourcecode.c.h; path = CacherProtocol.h; sourceTree = "<group>"; };
		804000F920F16F48004800CE /* FileCacher.h */ = {isa = PBXFileReference; lastKnownFileType = sourcecode.c.h; path = FileCacher.h; sourceTree = "<group>"; };
		804000FA20F16F48004800CE /* FileCacher.m */ = {isa = PBXFileReference; lastKnownFileType = sourcecode.c.objc; path = FileCacher.m; sourceTree = "<group>"; };
		804000FC20F16FF1004800CE /* UserDefaultsCacher.h */ = {isa = PBXFileReference; lastKnownFileType = sourcecode.c.h; path = UserDefaultsCacher.h; sourceTree = "<group>"; };
		804000FD20F16FF1004800CE /* UserDefaultsCacher.m */ = {isa = PBXFileReference; lastKnownFileType = sourcecode.c.objc; path = UserDefaultsCacher.m; sourceTree = "<group>"; };
		804000FF20F17073004800CE /* Cacher.h */ = {isa = PBXFileReference; lastKnownFileType = sourcecode.c.h; path = Cacher.h; sourceTree = "<group>"; };
		8040010020F17073004800CE /* Cacher.m */ = {isa = PBXFileReference; lastKnownFileType = sourcecode.c.objc; path = Cacher.m; sourceTree = "<group>"; };
		806FDE3D20F04A34003CB950 /* MainViewTests.m */ = {isa = PBXFileReference; lastKnownFileType = sourcecode.c.objc; path = MainViewTests.m; sourceTree = "<group>"; };
		806FDE3F20F064B9003CB950 /* DetailedViewTests.m */ = {isa = PBXFileReference; lastKnownFileType = sourcecode.c.objc; path = DetailedViewTests.m; sourceTree = "<group>"; };
		80C9F98120EE16DC00D16C0C /* ProductDetailsViewController.h */ = {isa = PBXFileReference; lastKnownFileType = sourcecode.c.h; path = ProductDetailsViewController.h; sourceTree = "<group>"; };
		80C9F98220EE16DC00D16C0C /* ProductDetailsViewController.m */ = {isa = PBXFileReference; lastKnownFileType = sourcecode.c.objc; path = ProductDetailsViewController.m; sourceTree = "<group>"; };
		889ABAE1FF40664BA3951141 /* libPods-InstabugTaskUITests.a */ = {isa = PBXFileReference; explicitFileType = archive.ar; includeInIndex = 0; path = "libPods-InstabugTaskUITests.a"; sourceTree = BUILT_PRODUCTS_DIR; };
		B2AC592AEAC2AC51713007E8 /* Pods-InstabugTaskUITests.release.xcconfig */ = {isa = PBXFileReference; includeInIndex = 1; lastKnownFileType = text.xcconfig; name = "Pods-InstabugTaskUITests.release.xcconfig"; path = "Pods/Target Support Files/Pods-InstabugTaskUITests/Pods-InstabugTaskUITests.release.xcconfig"; sourceTree = "<group>"; };
		BF619199D3B5F35913F24471 /* Pods-InstabugTask.release.xcconfig */ = {isa = PBXFileReference; includeInIndex = 1; lastKnownFileType = text.xcconfig; name = "Pods-InstabugTask.release.xcconfig"; path = "Pods/Target Support Files/Pods-InstabugTask/Pods-InstabugTask.release.xcconfig"; sourceTree = "<group>"; };
		DBFFF143D500934A25F5E3EB /* libPods-InstabugTaskTests.a */ = {isa = PBXFileReference; explicitFileType = archive.ar; includeInIndex = 0; path = "libPods-InstabugTaskTests.a"; sourceTree = BUILT_PRODUCTS_DIR; };
		F307F84B6CB4A38FB6513ECD /* Pods-InstabugTaskTests.debug.xcconfig */ = {isa = PBXFileReference; includeInIndex = 1; lastKnownFileType = text.xcconfig; name = "Pods-InstabugTaskTests.debug.xcconfig"; path = "Pods/Target Support Files/Pods-InstabugTaskTests/Pods-InstabugTaskTests.debug.xcconfig"; sourceTree = "<group>"; };
		FE6CED2CA43147F84A7BEDF3 /* Pods-InstabugTaskUITests.debug.xcconfig */ = {isa = PBXFileReference; includeInIndex = 1; lastKnownFileType = text.xcconfig; name = "Pods-InstabugTaskUITests.debug.xcconfig"; path = "Pods/Target Support Files/Pods-InstabugTaskUITests/Pods-InstabugTaskUITests.debug.xcconfig"; sourceTree = "<group>"; };
/* End PBXFileReference section */

/* Begin PBXFrameworksBuildPhase section */
		800A3D4420ECD78E00F2C962 /* Frameworks */ = {
			isa = PBXFrameworksBuildPhase;
			buildActionMask = 2147483647;
			files = (
				9189DC25B9FEEDD7C0A91B07 /* libPods-InstabugTask.a in Frameworks */,
			);
			runOnlyForDeploymentPostprocessing = 0;
		};
		800A3D5F20ECD78E00F2C962 /* Frameworks */ = {
			isa = PBXFrameworksBuildPhase;
			buildActionMask = 2147483647;
			files = (
				A040AC05627D1B5B75CC1DA1 /* libPods-InstabugTaskTests.a in Frameworks */,
			);
			runOnlyForDeploymentPostprocessing = 0;
		};
		800A3D6A20ECD78E00F2C962 /* Frameworks */ = {
			isa = PBXFrameworksBuildPhase;
			buildActionMask = 2147483647;
			files = (
				310C59971F3E705D56D0AE92 /* libPods-InstabugTaskUITests.a in Frameworks */,
			);
			runOnlyForDeploymentPostprocessing = 0;
		};
/* End PBXFrameworksBuildPhase section */

/* Begin PBXGroup section */
		59DC2A2231093748F8408B3E /* Pods */ = {
			isa = PBXGroup;
			children = (
				2E984F40F343359CDB231E84 /* Pods-InstabugTask.debug.xcconfig */,
				BF619199D3B5F35913F24471 /* Pods-InstabugTask.release.xcconfig */,
				F307F84B6CB4A38FB6513ECD /* Pods-InstabugTaskTests.debug.xcconfig */,
				7CB99A52E1F8F2C3F62E74FC /* Pods-InstabugTaskTests.release.xcconfig */,
				FE6CED2CA43147F84A7BEDF3 /* Pods-InstabugTaskUITests.debug.xcconfig */,
				B2AC592AEAC2AC51713007E8 /* Pods-InstabugTaskUITests.release.xcconfig */,
			);
			name = Pods;
			sourceTree = "<group>";
		};
		800A3D3E20ECD78E00F2C962 = {
			isa = PBXGroup;
			children = (
				800A3D4920ECD78E00F2C962 /* InstabugTask */,
				800A3D6520ECD78E00F2C962 /* InstabugTaskTests */,
				800A3D7020ECD78E00F2C962 /* InstabugTaskUITests */,
				800A3D4820ECD78E00F2C962 /* Products */,
				59DC2A2231093748F8408B3E /* Pods */,
				CEA963AF0D61BA5B4D25EF9B /* Frameworks */,
			);
			sourceTree = "<group>";
		};
		800A3D4820ECD78E00F2C962 /* Products */ = {
			isa = PBXGroup;
			children = (
				800A3D4720ECD78E00F2C962 /* InstabugTask.app */,
				800A3D6220ECD78E00F2C962 /* InstabugTaskTests.xctest */,
				800A3D6D20ECD78E00F2C962 /* InstabugTaskUITests.xctest */,
			);
			name = Products;
			sourceTree = "<group>";
		};
		800A3D4920ECD78E00F2C962 /* InstabugTask */ = {
			isa = PBXGroup;
			children = (
				800A3D8E20ED129000F2C962 /* API */,
				804000F720F16E35004800CE /* Cache */,
				800A3D8F20ED129C00F2C962 /* Controllers */,
				800A3D8D20ED105700F2C962 /* Models */,
				80C9F98420EE373B00D16C0C /* Views */,
				800A3D4A20ECD78E00F2C962 /* AppDelegate.h */,
				800A3D4B20ECD78E00F2C962 /* AppDelegate.m */,
				800A3D5020ECD78E00F2C962 /* Main.storyboard */,
				800A3D5620ECD78E00F2C962 /* Assets.xcassets */,
				800A3D5820ECD78E00F2C962 /* LaunchScreen.storyboard */,
				800A3D5B20ECD78E00F2C962 /* Info.plist */,
				800A3D5C20ECD78E00F2C962 /* main.m */,
				800A3D5320ECD78E00F2C962 /* InstabugTask.xcdatamodeld */,
			);
			path = InstabugTask;
			sourceTree = "<group>";
		};
		800A3D6520ECD78E00F2C962 /* InstabugTaskTests */ = {
			isa = PBXGroup;
			children = (
				803B67D720EE7725007C04ED /* products.json */,
				800A3D8520ECF9CA00F2C962 /* APIWrapperTest.m */,
				800A3D6820ECD78E00F2C962 /* Info.plist */,
				803B67D520EE6D44007C04ED /* ProductTests.m */,
			);
			path = InstabugTaskTests;
			sourceTree = "<group>";
		};
		800A3D7020ECD78E00F2C962 /* InstabugTaskUITests */ = {
			isa = PBXGroup;
			children = (
				800A3D7320ECD78E00F2C962 /* Info.plist */,
				806FDE3D20F04A34003CB950 /* MainViewTests.m */,
				806FDE3F20F064B9003CB950 /* DetailedViewTests.m */,
			);
			path = InstabugTaskUITests;
			sourceTree = "<group>";
		};
		800A3D8D20ED105700F2C962 /* Models */ = {
			isa = PBXGroup;
			children = (
				800A3D8720ED0ED400F2C962 /* Product.h */,
				800A3D8820ED0ED400F2C962 /* Product.m */,
			);
			path = Models;
			sourceTree = "<group>";
		};
		800A3D8E20ED129000F2C962 /* API */ = {
			isa = PBXGroup;
			children = (
				800A3D8220ECEB0000F2C962 /* APIWrapper.h */,
				800A3D8320ECEB0000F2C962 /* APIWrapper.m */,
			);
			path = API;
			sourceTree = "<group>";
		};
		800A3D8F20ED129C00F2C962 /* Controllers */ = {
			isa = PBXGroup;
			children = (
				800A3D4D20ECD78E00F2C962 /* ViewController.h */,
				800A3D4E20ECD78E00F2C962 /* ViewController.m */,
				80C9F98120EE16DC00D16C0C /* ProductDetailsViewController.h */,
				80C9F98220EE16DC00D16C0C /* ProductDetailsViewController.m */,
			);
			path = Controllers;
			sourceTree = "<group>";
		};
		804000F720F16E35004800CE /* Cache */ = {
			isa = PBXGroup;
			children = (
				804000F820F16F04004800CE /* CacherProtocol.h */,
				804000F920F16F48004800CE /* FileCacher.h */,
				804000FA20F16F48004800CE /* FileCacher.m */,
				804000FC20F16FF1004800CE /* UserDefaultsCacher.h */,
				804000FD20F16FF1004800CE /* UserDefaultsCacher.m */,
				804000FF20F17073004800CE /* Cacher.h */,
				8040010020F17073004800CE /* Cacher.m */,
			);
			path = Cache;
			sourceTree = "<group>";
		};
		80C9F98420EE373B00D16C0C /* Views */ = {
			isa = PBXGroup;
			children = (
				800A3D9020ED257A00F2C962 /* ProductTableViewCell.h */,
				800A3D9120ED257A00F2C962 /* ProductTableViewCell.m */,
			);
			path = Views;
			sourceTree = "<group>";
		};
		CEA963AF0D61BA5B4D25EF9B /* Frameworks */ = {
			isa = PBXGroup;
			children = (
				0727198C6556E2286FAEF13C /* libPods-InstabugTask.a */,
				DBFFF143D500934A25F5E3EB /* libPods-InstabugTaskTests.a */,
				889ABAE1FF40664BA3951141 /* libPods-InstabugTaskUITests.a */,
			);
			name = Frameworks;
			sourceTree = "<group>";
		};
/* End PBXGroup section */

/* Begin PBXNativeTarget section */
		800A3D4620ECD78E00F2C962 /* InstabugTask */ = {
			isa = PBXNativeTarget;
			buildConfigurationList = 800A3D7620ECD78E00F2C962 /* Build configuration list for PBXNativeTarget "InstabugTask" */;
			buildPhases = (
				4DCB038BE76ED705C8252AA7 /* [CP] Check Pods Manifest.lock */,
				800A3D4320ECD78E00F2C962 /* Sources */,
				800A3D4420ECD78E00F2C962 /* Frameworks */,
				800A3D4520ECD78E00F2C962 /* Resources */,
			);
			buildRules = (
			);
			dependencies = (
			);
			name = InstabugTask;
			productName = InstabugTask;
			productReference = 800A3D4720ECD78E00F2C962 /* InstabugTask.app */;
			productType = "com.apple.product-type.application";
		};
		800A3D6120ECD78E00F2C962 /* InstabugTaskTests */ = {
			isa = PBXNativeTarget;
			buildConfigurationList = 800A3D7920ECD78E00F2C962 /* Build configuration list for PBXNativeTarget "InstabugTaskTests" */;
			buildPhases = (
				BFD9F066C05922A7DF18E995 /* [CP] Check Pods Manifest.lock */,
				800A3D5E20ECD78E00F2C962 /* Sources */,
				800A3D5F20ECD78E00F2C962 /* Frameworks */,
				800A3D6020ECD78E00F2C962 /* Resources */,
			);
			buildRules = (
			);
			dependencies = (
				800A3D6420ECD78E00F2C962 /* PBXTargetDependency */,
			);
			name = InstabugTaskTests;
			productName = InstabugTaskTests;
			productReference = 800A3D6220ECD78E00F2C962 /* InstabugTaskTests.xctest */;
			productType = "com.apple.product-type.bundle.unit-test";
		};
		800A3D6C20ECD78E00F2C962 /* InstabugTaskUITests */ = {
			isa = PBXNativeTarget;
			buildConfigurationList = 800A3D7C20ECD78E00F2C962 /* Build configuration list for PBXNativeTarget "InstabugTaskUITests" */;
			buildPhases = (
				A24C3503E08D0739E53A6239 /* [CP] Check Pods Manifest.lock */,
				800A3D6920ECD78E00F2C962 /* Sources */,
				800A3D6A20ECD78E00F2C962 /* Frameworks */,
				800A3D6B20ECD78E00F2C962 /* Resources */,
			);
			buildRules = (
			);
			dependencies = (
				800A3D6F20ECD78E00F2C962 /* PBXTargetDependency */,
			);
			name = InstabugTaskUITests;
			productName = InstabugTaskUITests;
			productReference = 800A3D6D20ECD78E00F2C962 /* InstabugTaskUITests.xctest */;
			productType = "com.apple.product-type.bundle.ui-testing";
		};
/* End PBXNativeTarget section */

/* Begin PBXProject section */
		800A3D3F20ECD78E00F2C962 /* Project object */ = {
			isa = PBXProject;
			attributes = {
				LastUpgradeCheck = 0900;
				ORGANIZATIONNAME = Garem;
				TargetAttributes = {
					800A3D4620ECD78E00F2C962 = {
						CreatedOnToolsVersion = 9.0;
						ProvisioningStyle = Automatic;
					};
					800A3D6120ECD78E00F2C962 = {
						CreatedOnToolsVersion = 9.0;
						ProvisioningStyle = Automatic;
						TestTargetID = 800A3D4620ECD78E00F2C962;
					};
					800A3D6C20ECD78E00F2C962 = {
						CreatedOnToolsVersion = 9.0;
						ProvisioningStyle = Automatic;
						TestTargetID = 800A3D4620ECD78E00F2C962;
					};
				};
			};
			buildConfigurationList = 800A3D4220ECD78E00F2C962 /* Build configuration list for PBXProject "InstabugTask" */;
			compatibilityVersion = "Xcode 8.0";
			developmentRegion = en;
			hasScannedForEncodings = 0;
			knownRegions = (
				en,
				Base,
			);
			mainGroup = 800A3D3E20ECD78E00F2C962;
			productRefGroup = 800A3D4820ECD78E00F2C962 /* Products */;
			projectDirPath = "";
			projectRoot = "";
			targets = (
				800A3D4620ECD78E00F2C962 /* InstabugTask */,
				800A3D6120ECD78E00F2C962 /* InstabugTaskTests */,
				800A3D6C20ECD78E00F2C962 /* InstabugTaskUITests */,
			);
		};
/* End PBXProject section */

/* Begin PBXResourcesBuildPhase section */
		800A3D4520ECD78E00F2C962 /* Resources */ = {
			isa = PBXResourcesBuildPhase;
			buildActionMask = 2147483647;
			files = (
				806FDE3B20F03795003CB950 /* products.json in Resources */,
				800A3D5A20ECD78E00F2C962 /* LaunchScreen.storyboard in Resources */,
				800A3D5720ECD78E00F2C962 /* Assets.xcassets in Resources */,
				800A3D5220ECD78E00F2C962 /* Main.storyboard in Resources */,
			);
			runOnlyForDeploymentPostprocessing = 0;
		};
		800A3D6020ECD78E00F2C962 /* Resources */ = {
			isa = PBXResourcesBuildPhase;
			buildActionMask = 2147483647;
			files = (
				806FDE3A20F0375D003CB950 /* products.json in Resources */,
			);
			runOnlyForDeploymentPostprocessing = 0;
		};
		800A3D6B20ECD78E00F2C962 /* Resources */ = {
			isa = PBXResourcesBuildPhase;
			buildActionMask = 2147483647;
			files = (
			);
			runOnlyForDeploymentPostprocessing = 0;
		};
/* End PBXResourcesBuildPhase section */

/* Begin PBXShellScriptBuildPhase section */
		4DCB038BE76ED705C8252AA7 /* [CP] Check Pods Manifest.lock */ = {
			isa = PBXShellScriptBuildPhase;
			buildActionMask = 2147483647;
			files = (
			);
			inputPaths = (
				"${PODS_PODFILE_DIR_PATH}/Podfile.lock",
				"${PODS_ROOT}/Manifest.lock",
			);
			name = "[CP] Check Pods Manifest.lock";
			outputPaths = (
				"$(DERIVED_FILE_DIR)/Pods-InstabugTask-checkManifestLockResult.txt",
			);
			runOnlyForDeploymentPostprocessing = 0;
			shellPath = /bin/sh;
			shellScript = "diff \"${PODS_PODFILE_DIR_PATH}/Podfile.lock\" \"${PODS_ROOT}/Manifest.lock\" > /dev/null\nif [ $? != 0 ] ; then\n    # print error to STDERR\n    echo \"error: The sandbox is not in sync with the Podfile.lock. Run 'pod install' or update your CocoaPods installation.\" >&2\n    exit 1\nfi\n# This output is used by Xcode 'outputs' to avoid re-running this script phase.\necho \"SUCCESS\" > \"${SCRIPT_OUTPUT_FILE_0}\"\n";
			showEnvVarsInLog = 0;
		};
		A24C3503E08D0739E53A6239 /* [CP] Check Pods Manifest.lock */ = {
			isa = PBXShellScriptBuildPhase;
			buildActionMask = 2147483647;
			files = (
			);
			inputPaths = (
				"${PODS_PODFILE_DIR_PATH}/Podfile.lock",
				"${PODS_ROOT}/Manifest.lock",
			);
			name = "[CP] Check Pods Manifest.lock";
			outputPaths = (
				"$(DERIVED_FILE_DIR)/Pods-InstabugTaskUITests-checkManifestLockResult.txt",
			);
			runOnlyForDeploymentPostprocessing = 0;
			shellPath = /bin/sh;
			shellScript = "diff \"${PODS_PODFILE_DIR_PATH}/Podfile.lock\" \"${PODS_ROOT}/Manifest.lock\" > /dev/null\nif [ $? != 0 ] ; then\n    # print error to STDERR\n    echo \"error: The sandbox is not in sync with the Podfile.lock. Run 'pod install' or update your CocoaPods installation.\" >&2\n    exit 1\nfi\n# This output is used by Xcode 'outputs' to avoid re-running this script phase.\necho \"SUCCESS\" > \"${SCRIPT_OUTPUT_FILE_0}\"\n";
			showEnvVarsInLog = 0;
		};
		BFD9F066C05922A7DF18E995 /* [CP] Check Pods Manifest.lock */ = {
			isa = PBXShellScriptBuildPhase;
			buildActionMask = 2147483647;
			files = (
			);
			inputPaths = (
				"${PODS_PODFILE_DIR_PATH}/Podfile.lock",
				"${PODS_ROOT}/Manifest.lock",
			);
			name = "[CP] Check Pods Manifest.lock";
			outputPaths = (
				"$(DERIVED_FILE_DIR)/Pods-InstabugTaskTests-checkManifestLockResult.txt",
			);
			runOnlyForDeploymentPostprocessing = 0;
			shellPath = /bin/sh;
			shellScript = "diff \"${PODS_PODFILE_DIR_PATH}/Podfile.lock\" \"${PODS_ROOT}/Manifest.lock\" > /dev/null\nif [ $? != 0 ] ; then\n    # print error to STDERR\n    echo \"error: The sandbox is not in sync with the Podfile.lock. Run 'pod install' or update your CocoaPods installation.\" >&2\n    exit 1\nfi\n# This output is used by Xcode 'outputs' to avoid re-running this script phase.\necho \"SUCCESS\" > \"${SCRIPT_OUTPUT_FILE_0}\"\n";
			showEnvVarsInLog = 0;
		};
/* End PBXShellScriptBuildPhase section */

/* Begin PBXSourcesBuildPhase section */
		800A3D4320ECD78E00F2C962 /* Sources */ = {
			isa = PBXSourcesBuildPhase;
			buildActionMask = 2147483647;
			files = (
				806FDE3C20F03969003CB950 /* products.json in Sources */,
				8040010120F17073004800CE /* Cacher.m in Sources */,
				804000FB20F16F48004800CE /* FileCacher.m in Sources */,
				80C9F98320EE16DC00D16C0C /* ProductDetailsViewController.m in Sources */,
				800A3D5520ECD78E00F2C962 /* InstabugTask.xcdatamodeld in Sources */,
				800A3D4F20ECD78E00F2C962 /* ViewController.m in Sources */,
				800A3D5D20ECD78E00F2C962 /* main.m in Sources */,
				800A3D8920ED0ED400F2C962 /* Product.m in Sources */,
				800A3D4C20ECD78E00F2C962 /* AppDelegate.m in Sources */,
				804000FE20F16FF1004800CE /* UserDefaultsCacher.m in Sources */,
				800A3D9220ED257B00F2C962 /* ProductTableViewCell.m in Sources */,
				800A3D8420ECEB0000F2C962 /* APIWrapper.m in Sources */,
			);
			runOnlyForDeploymentPostprocessing = 0;
		};
		800A3D5E20ECD78E00F2C962 /* Sources */ = {
			isa = PBXSourcesBuildPhase;
			buildActionMask = 2147483647;
			files = (
				800A3D8620ECF9CA00F2C962 /* APIWrapperTest.m in Sources */,
				803B67D620EE6D44007C04ED /* ProductTests.m in Sources */,
			);
			runOnlyForDeploymentPostprocessing = 0;
		};
		800A3D6920ECD78E00F2C962 /* Sources */ = {
			isa = PBXSourcesBuildPhase;
			buildActionMask = 2147483647;
			files = (
				806FDE4020F064B9003CB950 /* DetailedViewTests.m in Sources */,
				806FDE3E20F04A34003CB950 /* MainViewTests.m in Sources */,
			);
			runOnlyForDeploymentPostprocessing = 0;
		};
/* End PBXSourcesBuildPhase section */

/* Begin PBXTargetDependency section */
		800A3D6420ECD78E00F2C962 /* PBXTargetDependency */ = {
			isa = PBXTargetDependency;
			target = 800A3D4620ECD78E00F2C962 /* InstabugTask */;
			targetProxy = 800A3D6320ECD78E00F2C962 /* PBXContainerItemProxy */;
		};
		800A3D6F20ECD78E00F2C962 /* PBXTargetDependency */ = {
			isa = PBXTargetDependency;
			target = 800A3D4620ECD78E00F2C962 /* InstabugTask */;
			targetProxy = 800A3D6E20ECD78E00F2C962 /* PBXContainerItemProxy */;
		};
/* End PBXTargetDependency section */

/* Begin PBXVariantGroup section */
		800A3D5020ECD78E00F2C962 /* Main.storyboard */ = {
			isa = PBXVariantGroup;
			children = (
				800A3D5120ECD78E00F2C962 /* Base */,
			);
			name = Main.storyboard;
			sourceTree = "<group>";
		};
		800A3D5820ECD78E00F2C962 /* LaunchScreen.storyboard */ = {
			isa = PBXVariantGroup;
			children = (
				800A3D5920ECD78E00F2C962 /* Base */,
			);
			name = LaunchScreen.storyboard;
			sourceTree = "<group>";
		};
/* End PBXVariantGroup section */

/* Begin XCBuildConfiguration section */
		800A3D7420ECD78E00F2C962 /* Debug */ = {
			isa = XCBuildConfiguration;
			buildSettings = {
				ALWAYS_SEARCH_USER_PATHS = NO;
				CLANG_ANALYZER_NONNULL = YES;
				CLANG_ANALYZER_NUMBER_OBJECT_CONVERSION = YES_AGGRESSIVE;
				CLANG_CXX_LANGUAGE_STANDARD = "gnu++14";
				CLANG_CXX_LIBRARY = "libc++";
				CLANG_ENABLE_MODULES = YES;
				CLANG_ENABLE_OBJC_ARC = YES;
				CLANG_WARN_BLOCK_CAPTURE_AUTORELEASING = YES;
				CLANG_WARN_BOOL_CONVERSION = YES;
				CLANG_WARN_COMMA = YES;
				CLANG_WARN_CONSTANT_CONVERSION = YES;
				CLANG_WARN_DIRECT_OBJC_ISA_USAGE = YES_ERROR;
				CLANG_WARN_DOCUMENTATION_COMMENTS = YES;
				CLANG_WARN_EMPTY_BODY = YES;
				CLANG_WARN_ENUM_CONVERSION = YES;
				CLANG_WARN_INFINITE_RECURSION = YES;
				CLANG_WARN_INT_CONVERSION = YES;
				CLANG_WARN_NON_LITERAL_NULL_CONVERSION = YES;
				CLANG_WARN_OBJC_LITERAL_CONVERSION = YES;
				CLANG_WARN_OBJC_ROOT_CLASS = YES_ERROR;
				CLANG_WARN_RANGE_LOOP_ANALYSIS = YES;
				CLANG_WARN_STRICT_PROTOTYPES = YES;
				CLANG_WARN_SUSPICIOUS_MOVE = YES;
				CLANG_WARN_UNGUARDED_AVAILABILITY = YES_AGGRESSIVE;
				CLANG_WARN_UNREACHABLE_CODE = YES;
				CLANG_WARN__DUPLICATE_METHOD_MATCH = YES;
				CODE_SIGN_IDENTITY = "iPhone Developer";
				COPY_PHASE_STRIP = NO;
				DEBUG_INFORMATION_FORMAT = dwarf;
				ENABLE_STRICT_OBJC_MSGSEND = YES;
				ENABLE_TESTABILITY = YES;
				GCC_C_LANGUAGE_STANDARD = gnu11;
				GCC_DYNAMIC_NO_PIC = NO;
				GCC_NO_COMMON_BLOCKS = YES;
				GCC_OPTIMIZATION_LEVEL = 0;
				GCC_PREPROCESSOR_DEFINITIONS = (
					"DEBUG=1",
					"$(inherited)",
				);
				GCC_WARN_64_TO_32_BIT_CONVERSION = YES;
				GCC_WARN_ABOUT_RETURN_TYPE = YES_ERROR;
				GCC_WARN_UNDECLARED_SELECTOR = YES;
				GCC_WARN_UNINITIALIZED_AUTOS = YES_AGGRESSIVE;
				GCC_WARN_UNUSED_FUNCTION = YES;
				GCC_WARN_UNUSED_VARIABLE = YES;
				IPHONEOS_DEPLOYMENT_TARGET = 11.0;
				MTL_ENABLE_DEBUG_INFO = YES;
				ONLY_ACTIVE_ARCH = YES;
				SDKROOT = iphoneos;
			};
			name = Debug;
		};
		800A3D7520ECD78E00F2C962 /* Release */ = {
			isa = XCBuildConfiguration;
			buildSettings = {
				ALWAYS_SEARCH_USER_PATHS = NO;
				CLANG_ANALYZER_NONNULL = YES;
				CLANG_ANALYZER_NUMBER_OBJECT_CONVERSION = YES_AGGRESSIVE;
				CLANG_CXX_LANGUAGE_STANDARD = "gnu++14";
				CLANG_CXX_LIBRARY = "libc++";
				CLANG_ENABLE_MODULES = YES;
				CLANG_ENABLE_OBJC_ARC = YES;
				CLANG_WARN_BLOCK_CAPTURE_AUTORELEASING = YES;
				CLANG_WARN_BOOL_CONVERSION = YES;
				CLANG_WARN_COMMA = YES;
				CLANG_WARN_CONSTANT_CONVERSION = YES;
				CLANG_WARN_DIRECT_OBJC_ISA_USAGE = YES_ERROR;
				CLANG_WARN_DOCUMENTATION_COMMENTS = YES;
				CLANG_WARN_EMPTY_BODY = YES;
				CLANG_WARN_ENUM_CONVERSION = YES;
				CLANG_WARN_INFINITE_RECURSION = YES;
				CLANG_WARN_INT_CONVERSION = YES;
				CLANG_WARN_NON_LITERAL_NULL_CONVERSION = YES;
				CLANG_WARN_OBJC_LITERAL_CONVERSION = YES;
				CLANG_WARN_OBJC_ROOT_CLASS = YES_ERROR;
				CLANG_WARN_RANGE_LOOP_ANALYSIS = YES;
				CLANG_WARN_STRICT_PROTOTYPES = YES;
				CLANG_WARN_SUSPICIOUS_MOVE = YES;
				CLANG_WARN_UNGUARDED_AVAILABILITY = YES_AGGRESSIVE;
				CLANG_WARN_UNREACHABLE_CODE = YES;
				CLANG_WARN__DUPLICATE_METHOD_MATCH = YES;
				CODE_SIGN_IDENTITY = "iPhone Developer";
				COPY_PHASE_STRIP = NO;
				DEBUG_INFORMATION_FORMAT = "dwarf-with-dsym";
				ENABLE_NS_ASSERTIONS = NO;
				ENABLE_STRICT_OBJC_MSGSEND = YES;
				GCC_C_LANGUAGE_STANDARD = gnu11;
				GCC_NO_COMMON_BLOCKS = YES;
				GCC_WARN_64_TO_32_BIT_CONVERSION = YES;
				GCC_WARN_ABOUT_RETURN_TYPE = YES_ERROR;
				GCC_WARN_UNDECLARED_SELECTOR = YES;
				GCC_WARN_UNINITIALIZED_AUTOS = YES_AGGRESSIVE;
				GCC_WARN_UNUSED_FUNCTION = YES;
				GCC_WARN_UNUSED_VARIABLE = YES;
				IPHONEOS_DEPLOYMENT_TARGET = 11.0;
				MTL_ENABLE_DEBUG_INFO = NO;
				SDKROOT = iphoneos;
				VALIDATE_PRODUCT = YES;
			};
			name = Release;
		};
		800A3D7720ECD78E00F2C962 /* Debug */ = {
			isa = XCBuildConfiguration;
			baseConfigurationReference = 2E984F40F343359CDB231E84 /* Pods-InstabugTask.debug.xcconfig */;
			buildSettings = {
				ASSETCATALOG_COMPILER_APPICON_NAME = AppIcon;
				CODE_SIGN_STYLE = Automatic;
				DEVELOPMENT_TEAM = KS5GBRCBHB;
				INFOPLIST_FILE = InstabugTask/Info.plist;
				LD_RUNPATH_SEARCH_PATHS = "$(inherited) @executable_path/Frameworks";
				PRODUCT_BUNDLE_IDENTIFIER = com.Garem.InstabugTask;
				PRODUCT_NAME = "$(TARGET_NAME)";
				TARGETED_DEVICE_FAMILY = "1,2";
			};
			name = Debug;
		};
		800A3D7820ECD78E00F2C962 /* Release */ = {
			isa = XCBuildConfiguration;
			baseConfigurationReference = BF619199D3B5F35913F24471 /* Pods-InstabugTask.release.xcconfig */;
			buildSettings = {
				ASSETCATALOG_COMPILER_APPICON_NAME = AppIcon;
				CODE_SIGN_STYLE = Automatic;
				DEVELOPMENT_TEAM = KS5GBRCBHB;
				INFOPLIST_FILE = InstabugTask/Info.plist;
				LD_RUNPATH_SEARCH_PATHS = "$(inherited) @executable_path/Frameworks";
				PRODUCT_BUNDLE_IDENTIFIER = com.Garem.InstabugTask;
				PRODUCT_NAME = "$(TARGET_NAME)";
				TARGETED_DEVICE_FAMILY = "1,2";
			};
			name = Release;
		};
		800A3D7A20ECD78E00F2C962 /* Debug */ = {
			isa = XCBuildConfiguration;
			baseConfigurationReference = F307F84B6CB4A38FB6513ECD /* Pods-InstabugTaskTests.debug.xcconfig */;
			buildSettings = {
				BUNDLE_LOADER = "$(TEST_HOST)";
				CODE_SIGN_STYLE = Automatic;
				DEVELOPMENT_TEAM = KS5GBRCBHB;
				INFOPLIST_FILE = InstabugTaskTests/Info.plist;
				LD_RUNPATH_SEARCH_PATHS = "$(inherited) @executable_path/Frameworks @loader_path/Frameworks";
				PRODUCT_BUNDLE_IDENTIFIER = com.Garem.InstabugTaskTests;
				PRODUCT_NAME = "$(TARGET_NAME)";
				TARGETED_DEVICE_FAMILY = "1,2";
				TEST_HOST = "$(BUILT_PRODUCTS_DIR)/InstabugTask.app/InstabugTask";
			};
			name = Debug;
		};
		800A3D7B20ECD78E00F2C962 /* Release */ = {
			isa = XCBuildConfiguration;
			baseConfigurationReference = 7CB99A52E1F8F2C3F62E74FC /* Pods-InstabugTaskTests.release.xcconfig */;
			buildSettings = {
				BUNDLE_LOADER = "$(TEST_HOST)";
				CODE_SIGN_STYLE = Automatic;
				DEVELOPMENT_TEAM = KS5GBRCBHB;
				INFOPLIST_FILE = InstabugTaskTests/Info.plist;
				LD_RUNPATH_SEARCH_PATHS = "$(inherited) @executable_path/Frameworks @loader_path/Frameworks";
				PRODUCT_BUNDLE_IDENTIFIER = com.Garem.InstabugTaskTests;
				PRODUCT_NAME = "$(TARGET_NAME)";
				TARGETED_DEVICE_FAMILY = "1,2";
				TEST_HOST = "$(BUILT_PRODUCTS_DIR)/InstabugTask.app/InstabugTask";
			};
			name = Release;
		};
		800A3D7D20ECD78E00F2C962 /* Debug */ = {
			isa = XCBuildConfiguration;
			baseConfigurationReference = FE6CED2CA43147F84A7BEDF3 /* Pods-InstabugTaskUITests.debug.xcconfig */;
			buildSettings = {
				CODE_SIGN_STYLE = Automatic;
				DEVELOPMENT_TEAM = KS5GBRCBHB;
				INFOPLIST_FILE = InstabugTaskUITests/Info.plist;
				LD_RUNPATH_SEARCH_PATHS = "$(inherited) @executable_path/Frameworks @loader_path/Frameworks";
				PRODUCT_BUNDLE_IDENTIFIER = com.Garem.InstabugTaskUITests;
				PRODUCT_NAME = "$(TARGET_NAME)";
				TARGETED_DEVICE_FAMILY = "1,2";
				TEST_TARGET_NAME = InstabugTask;
			};
			name = Debug;
		};
		800A3D7E20ECD78E00F2C962 /* Release */ = {
			isa = XCBuildConfiguration;
			baseConfigurationReference = B2AC592AEAC2AC51713007E8 /* Pods-InstabugTaskUITests.release.xcconfig */;
			buildSettings = {
				CODE_SIGN_STYLE = Automatic;
				DEVELOPMENT_TEAM = KS5GBRCBHB;
				INFOPLIST_FILE = InstabugTaskUITests/Info.plist;
				LD_RUNPATH_SEARCH_PATHS = "$(inherited) @executable_path/Frameworks @loader_path/Frameworks";
				PRODUCT_BUNDLE_IDENTIFIER = com.Garem.InstabugTaskUITests;
				PRODUCT_NAME = "$(TARGET_NAME)";
				TARGETED_DEVICE_FAMILY = "1,2";
				TEST_TARGET_NAME = InstabugTask;
			};
			name = Release;
		};
/* End XCBuildConfiguration section */

/* Begin XCConfigurationList section */
		800A3D4220ECD78E00F2C962 /* Build configuration list for PBXProject "InstabugTask" */ = {
			isa = XCConfigurationList;
			buildConfigurations = (
				800A3D7420ECD78E00F2C962 /* Debug */,
				800A3D7520ECD78E00F2C962 /* Release */,
			);
			defaultConfigurationIsVisible = 0;
			defaultConfigurationName = Release;
		};
		800A3D7620ECD78E00F2C962 /* Build configuration list for PBXNativeTarget "InstabugTask" */ = {
			isa = XCConfigurationList;
			buildConfigurations = (
				800A3D7720ECD78E00F2C962 /* Debug */,
				800A3D7820ECD78E00F2C962 /* Release */,
			);
			defaultConfigurationIsVisible = 0;
			defaultConfigurationName = Release;
		};
		800A3D7920ECD78E00F2C962 /* Build configuration list for PBXNativeTarget "InstabugTaskTests" */ = {
			isa = XCConfigurationList;
			buildConfigurations = (
				800A3D7A20ECD78E00F2C962 /* Debug */,
				800A3D7B20ECD78E00F2C962 /* Release */,
			);
			defaultConfigurationIsVisible = 0;
			defaultConfigurationName = Release;
		};
		800A3D7C20ECD78E00F2C962 /* Build configuration list for PBXNativeTarget "InstabugTaskUITests" */ = {
			isa = XCConfigurationList;
			buildConfigurations = (
				800A3D7D20ECD78E00F2C962 /* Debug */,
				800A3D7E20ECD78E00F2C962 /* Release */,
			);
			defaultConfigurationIsVisible = 0;
			defaultConfigurationName = Release;
		};
/* End XCConfigurationList section */

/* Begin XCVersionGroup section */
		800A3D5320ECD78E00F2C962 /* InstabugTask.xcdatamodeld */ = {
			isa = XCVersionGroup;
			children = (
				800A3D5420ECD78E00F2C962 /* InstabugTask.xcdatamodel */,
			);
			currentVersion = 800A3D5420ECD78E00F2C962 /* InstabugTask.xcdatamodel */;
			path = InstabugTask.xcdatamodeld;
			sourceTree = "<group>";
			versionGroupType = wrapper.xcdatamodel;
		};
/* End XCVersionGroup section */
	};
	rootObject = 800A3D3F20ECD78E00F2C962 /* Project object */;
}
